
Microsoft Visual Studio Solution File, Format Version 12.00
# Visual Studio 2017
Project("{FAE04EC0-301F-11D3-BF4B-00C04F79EFBC}") = "misail-ui sigan", "misail-ui sigan.csproj", "{CF38FB3D-7911-FBA0-6F67-483D727DF141}"
EndProject
Project("{FAE04EC0-301F-11D3-BF4B-00C04F79EFBC}") = "misail-ui sigan.Editor", "misail-ui sigan.Editor.csproj", "{A2FA0A4E-BB5E-2B49-8DD7-58BC251ED754}"
EndProject
Global
	GlobalSection(SolutionConfigurationPlatforms) = preSolution
		Debug|Any CPU = Debug|Any CPU
		Release|Any CPU = Release|Any CPU
	EndGlobalSection
	GlobalSection(ProjectConfigurationPlatforms) = postSolution
		{CF38FB3D-7911-FBA0-6F67-483D727DF141}.Debug|Any CPU.ActiveCfg = Debug|Any CPU
		{CF38FB3D-7911-FBA0-6F67-483D727DF141}.Debug|Any CPU.Build.0 = Debug|Any CPU
		{CF38FB3D-7911-FBA0-6F67-483D727DF141}.Release|Any CPU.ActiveCfg = Release|Any CPU
		{CF38FB3D-7911-FBA0-6F67-483D727DF141}.Release|Any CPU.Build.0 = Release|Any CPU
		{A2FA0A4E-BB5E-2B49-8DD7-58BC251ED754}.Debug|Any CPU.ActiveCfg = Debug|Any CPU
		{A2FA0A4E-BB5E-2B49-8DD7-58BC251ED754}.Debug|Any CPU.Build.0 = Debug|Any CPU
		{A2FA0A4E-BB5E-2B49-8DD7-58BC251ED754}.Release|Any CPU.ActiveCfg = Release|Any CPU
		{A2FA0A4E-BB5E-2B49-8DD7-58BC251ED754}.Release|Any CPU.Build.0 = Release|Any CPU
	EndGlobalSection
	GlobalSection(SolutionProperties) = preSolution
		HideSolutionNode = FALSE
	EndGlobalSection
EndGlobal
